// !$*UTF8*$!
{
	archiveVersion = 1;
	classes = {
	};
	objectVersion = 51;
	objects = {

/* Begin PBXBuildFile section */
		0E804C6AEAFE129975FE7EFB /* Pods_Test.framework in Frameworks */ = {isa = PBXBuildFile; fileRef = A4BFD2CD0BAE7FD84E8A401B /* Pods_Test.framework */; };
		1843D12424C0284C004C69BC /* AppDelegate.swift in Sources */ = {isa = PBXBuildFile; fileRef = 1843D12324C0284C004C69BC /* AppDelegate.swift */; };
		1843D12624C0284C004C69BC /* SceneDelegate.swift in Sources */ = {isa = PBXBuildFile; fileRef = 1843D12524C0284C004C69BC /* SceneDelegate.swift */; };
		1843D12824C0284C004C69BC /* LeaderBoardViewController.swift in Sources */ = {isa = PBXBuildFile; fileRef = 1843D12724C0284C004C69BC /* LeaderBoardViewController.swift */; };
		1843D12B24C0284D004C69BC /* Main.storyboard in Resources */ = {isa = PBXBuildFile; fileRef = 1843D12924C0284D004C69BC /* Main.storyboard */; };
		1843D12D24C02850004C69BC /* Assets.xcassets in Resources */ = {isa = PBXBuildFile; fileRef = 1843D12C24C02850004C69BC /* Assets.xcassets */; };
		1843D13024C02850004C69BC /* LaunchScreen.storyboard in Resources */ = {isa = PBXBuildFile; fileRef = 1843D12E24C02850004C69BC /* LaunchScreen.storyboard */; };
		1843D13824C02A14004C69BC /* LeaderBoardTableViewCell.swift in Sources */ = {isa = PBXBuildFile; fileRef = 1843D13724C02A14004C69BC /* LeaderBoardTableViewCell.swift */; };
		1843D13B24C0430A004C69BC /* SortByTableViewCell.swift in Sources */ = {isa = PBXBuildFile; fileRef = 1843D13A24C0430A004C69BC /* SortByTableViewCell.swift */; };
		1843D13E24C043BF004C69BC /* Constant.swift in Sources */ = {isa = PBXBuildFile; fileRef = 1843D13D24C043BF004C69BC /* Constant.swift */; };
		C9DDFDC224C2DC66001FB750 /* RoundedView.swift in Sources */ = {isa = PBXBuildFile; fileRef = C9DDFDC124C2DC66001FB750 /* RoundedView.swift */; };
/* End PBXBuildFile section */

/* Begin PBXFileReference section */
		1843D12024C0284C004C69BC /* LeaderBoard.app */ = {isa = PBXFileReference; explicitFileType = wrapper.application; includeInIndex = 0; path = LeaderBoard.app; sourceTree = BUILT_PRODUCTS_DIR; };
		1843D12324C0284C004C69BC /* AppDelegate.swift */ = {isa = PBXFileReference; lastKnownFileType = sourcecode.swift; path = AppDelegate.swift; sourceTree = "<group>"; };
		1843D12524C0284C004C69BC /* SceneDelegate.swift */ = {isa = PBXFileReference; lastKnownFileType = sourcecode.swift; path = SceneDelegate.swift; sourceTree = "<group>"; };
		1843D12724C0284C004C69BC /* LeaderBoardViewController.swift */ = {isa = PBXFileReference; lastKnownFileType = sourcecode.swift; path = LeaderBoardViewController.swift; sourceTree = "<group>"; };
		1843D12A24C0284D004C69BC /* Base */ = {isa = PBXFileReference; lastKnownFileType = file.storyboard; name = Base; path = Base.lproj/Main.storyboard; sourceTree = "<group>"; };
		1843D12C24C02850004C69BC /* Assets.xcassets */ = {isa = PBXFileReference; lastKnownFileType = folder.assetcatalog; path = Assets.xcassets; sourceTree = "<group>"; };
		1843D12F24C02850004C69BC /* Base */ = {isa = PBXFileReference; lastKnownFileType = file.storyboard; name = Base; path = Base.lproj/LaunchScreen.storyboard; sourceTree = "<group>"; };
		1843D13124C02850004C69BC /* Info.plist */ = {isa = PBXFileReference; lastKnownFileType = text.plist.xml; path = Info.plist; sourceTree = "<group>"; };
		1843D13724C02A14004C69BC /* LeaderBoardTableViewCell.swift */ = {isa = PBXFileReference; lastKnownFileType = sourcecode.swift; path = LeaderBoardTableViewCell.swift; sourceTree = "<group>"; };
		1843D13A24C0430A004C69BC /* SortByTableViewCell.swift */ = {isa = PBXFileReference; lastKnownFileType = sourcecode.swift; path = SortByTableViewCell.swift; sourceTree = "<group>"; };
		1843D13D24C043BF004C69BC /* Constant.swift */ = {isa = PBXFileReference; lastKnownFileType = sourcecode.swift; path = Constant.swift; sourceTree = "<group>"; };
		59A9C425D1FF390EDDDCDF51 /* Pods-Test.release.xcconfig */ = {isa = PBXFileReference; includeInIndex = 1; lastKnownFileType = text.xcconfig; name = "Pods-Test.release.xcconfig"; path = "Target Support Files/Pods-Test/Pods-Test.release.xcconfig"; sourceTree = "<group>"; };
		A1770B13754AAD802C5C9B3A /* Pods-Test.debug.xcconfig */ = {isa = PBXFileReference; includeInIndex = 1; lastKnownFileType = text.xcconfig; name = "Pods-Test.debug.xcconfig"; path = "Target Support Files/Pods-Test/Pods-Test.debug.xcconfig"; sourceTree = "<group>"; };
		A4BFD2CD0BAE7FD84E8A401B /* Pods_Test.framework */ = {isa = PBXFileReference; explicitFileType = wrapper.framework; includeInIndex = 0; path = Pods_Test.framework; sourceTree = BUILT_PRODUCTS_DIR; };
		C9DDFDC124C2DC66001FB750 /* RoundedView.swift */ = {isa = PBXFileReference; fileEncoding = 4; lastKnownFileType = sourcecode.swift; path = RoundedView.swift; sourceTree = "<group>"; };
/* End PBXFileReference section */

/* Begin PBXFrameworksBuildPhase section */
		1843D11D24C0284C004C69BC /* Frameworks */ = {
			isa = PBXFrameworksBuildPhase;
			buildActionMask = 2147483647;
			files = (
				0E804C6AEAFE129975FE7EFB /* Pods_Test.framework in Frameworks */,
			);
			runOnlyForDeploymentPostprocessing = 0;
		};
/* End PBXFrameworksBuildPhase section */

/* Begin PBXGroup section */
		139FC0C286C0104B442AA063 /* Frameworks */ = {
			isa = PBXGroup;
			children = (
				A4BFD2CD0BAE7FD84E8A401B /* Pods_Test.framework */,
			);
			name = Frameworks;
			sourceTree = "<group>";
		};
		1843D11724C0284C004C69BC = {
			isa = PBXGroup;
			children = (
				1843D12224C0284C004C69BC /* Test */,
				1843D12124C0284C004C69BC /* Products */,
				95210D5D9A6B95637D6497F6 /* Pods */,
				139FC0C286C0104B442AA063 /* Frameworks */,
			);
			sourceTree = "<group>";
		};
		1843D12124C0284C004C69BC /* Products */ = {
			isa = PBXGroup;
			children = (
				1843D12024C0284C004C69BC /* LeaderBoard.app */,
			);
			name = Products;
			sourceTree = "<group>";
		};
		1843D12224C0284C004C69BC /* Test */ = {
			isa = PBXGroup;
			children = (
				1843D12324C0284C004C69BC /* AppDelegate.swift */,
				1843D12524C0284C004C69BC /* SceneDelegate.swift */,
				C9DDFDC324C2DC6E001FB750 /* Utility */,
				18D80D4424C1E1030002A4F9 /* Controller */,
				18D80D4324C1E0F80002A4F9 /* View */,
				1843D13C24C043AD004C69BC /* Constant */,
				1843D13924C042F3004C69BC /* cell */,
				1843D12C24C02850004C69BC /* Assets.xcassets */,
				1843D13124C02850004C69BC /* Info.plist */,
			);
			path = Test;
			sourceTree = "<group>";
		};
		1843D13924C042F3004C69BC /* cell */ = {
			isa = PBXGroup;
			children = (
				1843D13724C02A14004C69BC /* LeaderBoardTableViewCell.swift */,
				1843D13A24C0430A004C69BC /* SortByTableViewCell.swift */,
			);
			path = cell;
			sourceTree = "<group>";
		};
		1843D13C24C043AD004C69BC /* Constant */ = {
			isa = PBXGroup;
			children = (
				1843D13D24C043BF004C69BC /* Constant.swift */,
			);
			path = Constant;
			sourceTree = "<group>";
		};
		18D80D4324C1E0F80002A4F9 /* View */ = {
			isa = PBXGroup;
			children = (
				1843D12924C0284D004C69BC /* Main.storyboard */,
				1843D12E24C02850004C69BC /* LaunchScreen.storyboard */,
			);
			path = View;
			sourceTree = "<group>";
		};
		18D80D4424C1E1030002A4F9 /* Controller */ = {
			isa = PBXGroup;
			children = (
				1843D12724C0284C004C69BC /* LeaderBoardViewController.swift */,
			);
			path = Controller;
			sourceTree = "<group>";
		};
		95210D5D9A6B95637D6497F6 /* Pods */ = {
			isa = PBXGroup;
			children = (
				A1770B13754AAD802C5C9B3A /* Pods-Test.debug.xcconfig */,
				59A9C425D1FF390EDDDCDF51 /* Pods-Test.release.xcconfig */,
			);
			path = Pods;
			sourceTree = "<group>";
		};
		C9DDFDC324C2DC6E001FB750 /* Utility */ = {
			isa = PBXGroup;
			children = (
				C9DDFDC424C2DC76001FB750 /* Custom */,
			);
			path = Utility;
			sourceTree = "<group>";
		};
		C9DDFDC424C2DC76001FB750 /* Custom */ = {
			isa = PBXGroup;
			children = (
				C9DDFDC124C2DC66001FB750 /* RoundedView.swift */,
			);
			path = Custom;
			sourceTree = "<group>";
		};
/* End PBXGroup section */

/* Begin PBXNativeTarget section */
		1843D11F24C0284C004C69BC /* Test */ = {
			isa = PBXNativeTarget;
			buildConfigurationList = 1843D13424C02850004C69BC /* Build configuration list for PBXNativeTarget "Test" */;
			buildPhases = (
				FA459141EE30161C74677FAD /* [CP] Check Pods Manifest.lock */,
				1843D11C24C0284C004C69BC /* Sources */,
				1843D11D24C0284C004C69BC /* Frameworks */,
				1843D11E24C0284C004C69BC /* Resources */,
				0877A20C2E467ED12CE0BC16 /* [CP] Embed Pods Frameworks */,
			);
			buildRules = (
			);
			dependencies = (
			);
			name = Test;
			productName = Test;
			productReference = 1843D12024C0284C004C69BC /* LeaderBoard.app */;
			productType = "com.apple.product-type.application";
		};
/* End PBXNativeTarget section */

/* Begin PBXProject section */
		1843D11824C0284C004C69BC /* Project object */ = {
			isa = PBXProject;
			attributes = {
				LastSwiftUpdateCheck = 1130;
				LastUpgradeCheck = 1130;
				ORGANIZATIONNAME = "V group Inc";
				TargetAttributes = {
					1843D11F24C0284C004C69BC = {
						CreatedOnToolsVersion = 11.3.1;
					};
				};
			};
			buildConfigurationList = 1843D11B24C0284C004C69BC /* Build configuration list for PBXProject "Test" */;
			compatibilityVersion = "Xcode 9.3";
			developmentRegion = en;
			hasScannedForEncodings = 0;
			knownRegions = (
				en,
				Base,
			);
			mainGroup = 1843D11724C0284C004C69BC;
			productRefGroup = 1843D12124C0284C004C69BC /* Products */;
			projectDirPath = "";
			projectRoot = "";
			targets = (
				1843D11F24C0284C004C69BC /* Test */,
			);
		};
/* End PBXProject section */

/* Begin PBXResourcesBuildPhase section */
		1843D11E24C0284C004C69BC /* Resources */ = {
			isa = PBXResourcesBuildPhase;
			buildActionMask = 2147483647;
			files = (
				1843D13024C02850004C69BC /* LaunchScreen.storyboard in Resources */,
				1843D12D24C02850004C69BC /* Assets.xcassets in Resources */,
				1843D12B24C0284D004C69BC /* Main.storyboard in Resources */,
			);
			runOnlyForDeploymentPostprocessing = 0;
		};
/* End PBXResourcesBuildPhase section */

/* Begin PBXShellScriptBuildPhase section */
		0877A20C2E467ED12CE0BC16 /* [CP] Embed Pods Frameworks */ = {
			isa = PBXShellScriptBuildPhase;
			buildActionMask = 2147483647;
			files = (
			);
			inputFileListPaths = (
				"${PODS_ROOT}/Target Support Files/Pods-Test/Pods-Test-frameworks-${CONFIGURATION}-input-files.xcfilelist",
			);
			name = "[CP] Embed Pods Frameworks";
			outputFileListPaths = (
				"${PODS_ROOT}/Target Support Files/Pods-Test/Pods-Test-frameworks-${CONFIGURATION}-output-files.xcfilelist",
			);
			runOnlyForDeploymentPostprocessing = 0;
			shellPath = /bin/sh;
			shellScript = "\"${PODS_ROOT}/Target Support Files/Pods-Test/Pods-Test-frameworks.sh\"\n";
			showEnvVarsInLog = 0;
		};
		FA459141EE30161C74677FAD /* [CP] Check Pods Manifest.lock */ = {
			isa = PBXShellScriptBuildPhase;
			buildActionMask = 2147483647;
			files = (
			);
			inputFileListPaths = (
			);
			inputPaths = (
				"${PODS_PODFILE_DIR_PATH}/Podfile.lock",
				"${PODS_ROOT}/Manifest.lock",
			);
			name = "[CP] Check Pods Manifest.lock";
			outputFileListPaths = (
			);
			outputPaths = (
				"$(DERIVED_FILE_DIR)/Pods-Test-checkManifestLockResult.txt",
			);
			runOnlyForDeploymentPostprocessing = 0;
			shellPath = /bin/sh;
			shellScript = "diff \"${PODS_PODFILE_DIR_PATH}/Podfile.lock\" \"${PODS_ROOT}/Manifest.lock\" > /dev/null\nif [ $? != 0 ] ; then\n    # print error to STDERR\n    echo \"error: The sandbox is not in sync with the Podfile.lock. Run 'pod install' or update your CocoaPods installation.\" >&2\n    exit 1\nfi\n# This output is used by Xcode 'outputs' to avoid re-running this script phase.\necho \"SUCCESS\" > \"${SCRIPT_OUTPUT_FILE_0}\"\n";
			showEnvVarsInLog = 0;
		};
/* End PBXShellScriptBuildPhase section */

/* Begin PBXSourcesBuildPhase section */
		1843D11C24C0284C004C69BC /* Sources */ = {
			isa = PBXSourcesBuildPhase;
			buildActionMask = 2147483647;
			files = (
				1843D12824C0284C004C69BC /* LeaderBoardViewController.swift in Sources */,
				1843D13824C02A14004C69BC /* LeaderBoardTableViewCell.swift in Sources */,
				C9DDFDC224C2DC66001FB750 /* RoundedView.swift in Sources */,
				1843D13B24C0430A004C69BC /* SortByTableViewCell.swift in Sources */,
				1843D12424C0284C004C69BC /* AppDelegate.swift in Sources */,
				1843D12624C0284C004C69BC /* SceneDelegate.swift in Sources */,
				1843D13E24C043BF004C69BC /* Constant.swift in Sources */,
			);
			runOnlyForDeploymentPostprocessing = 0;
		};
/* End PBXSourcesBuildPhase section */

/* Begin PBXVariantGroup section */
		1843D12924C0284D004C69BC /* Main.storyboard */ = {
			isa = PBXVariantGroup;
			children = (
				1843D12A24C0284D004C69BC /* Base */,
			);
			name = Main.storyboard;
			sourceTree = "<group>";
		};
		1843D12E24C02850004C69BC /* LaunchScreen.storyboard */ = {
			isa = PBXVariantGroup;
			children = (
				1843D12F24C02850004C69BC /* Base */,
			);
			name = LaunchScreen.storyboard;
			sourceTree = "<group>";
		};
/* End PBXVariantGroup section */

/* Begin XCBuildConfiguration section */
		1843D13224C02850004C69BC /* Debug */ = {
			isa = XCBuildConfiguration;
			buildSettings = {
				ALWAYS_SEARCH_USER_PATHS = NO;
				CLANG_ANALYZER_NONNULL = YES;
				CLANG_ANALYZER_NUMBER_OBJECT_CONVERSION = YES_AGGRESSIVE;
				CLANG_CXX_LANGUAGE_STANDARD = "gnu++14";
				CLANG_CXX_LIBRARY = "libc++";
				CLANG_ENABLE_MODULES = YES;
				CLANG_ENABLE_OBJC_ARC = YES;
				CLANG_ENABLE_OBJC_WEAK = YES;
				CLANG_WARN_BLOCK_CAPTURE_AUTORELEASING = YES;
				CLANG_WARN_BOOL_CONVERSION = YES;
				CLANG_WARN_COMMA = YES;
				CLANG_WARN_CONSTANT_CONVERSION = YES;
				CLANG_WARN_DEPRECATED_OBJC_IMPLEMENTATIONS = YES;
				CLANG_WARN_DIRECT_OBJC_ISA_USAGE = YES_ERROR;
				CLANG_WARN_DOCUMENTATION_COMMENTS = YES;
				CLANG_WARN_EMPTY_BODY = YES;
				CLANG_WARN_ENUM_CONVERSION = YES;
				CLANG_WARN_INFINITE_RECURSION = YES;
				CLANG_WARN_INT_CONVERSION = YES;
				CLANG_WARN_NON_LITERAL_NULL_CONVERSION = YES;
				CLANG_WARN_OBJC_IMPLICIT_RETAIN_SELF = YES;
				CLANG_WARN_OBJC_LITERAL_CONVERSION = YES;
				CLANG_WARN_OBJC_ROOT_CLASS = YES_ERROR;
				CLANG_WARN_RANGE_LOOP_ANALYSIS = YES;
				CLANG_WARN_STRICT_PROTOTYPES = YES;
				CLANG_WARN_SUSPICIOUS_MOVE = YES;
				CLANG_WARN_UNGUARDED_AVAILABILITY = YES_AGGRESSIVE;
				CLANG_WARN_UNREACHABLE_CODE = YES;
				CLANG_WARN__DUPLICATE_METHOD_MATCH = YES;
				COPY_PHASE_STRIP = NO;
				DEBUG_INFORMATION_FORMAT = dwarf;
				ENABLE_STRICT_OBJC_MSGSEND = YES;
				ENABLE_TESTABILITY = YES;
				GCC_C_LANGUAGE_STANDARD = gnu11;
				GCC_DYNAMIC_NO_PIC = NO;
				GCC_NO_COMMON_BLOCKS = YES;
				GCC_OPTIMIZATION_LEVEL = 0;
				GCC_PREPROCESSOR_DEFINITIONS = (
					"DEBUG=1",
					"$(inherited)",
				);
				GCC_WARN_64_TO_32_BIT_CONVERSION = YES;
				GCC_WARN_ABOUT_RETURN_TYPE = YES_ERROR;
				GCC_WARN_UNDECLARED_SELECTOR = YES;
				GCC_WARN_UNINITIALIZED_AUTOS = YES_AGGRESSIVE;
				GCC_WARN_UNUSED_FUNCTION = YES;
				GCC_WARN_UNUSED_VARIABLE = YES;
				IPHONEOS_DEPLOYMENT_TARGET = 13.2;
				MTL_ENABLE_DEBUG_INFO = INCLUDE_SOURCE;
				MTL_FAST_MATH = YES;
				ONLY_ACTIVE_ARCH = YES;
				SDKROOT = iphoneos;
				SWIFT_ACTIVE_COMPILATION_CONDITIONS = DEBUG;
				SWIFT_OPTIMIZATION_LEVEL = "-Onone";
			};
			name = Debug;
		};
		1843D13324C02850004C69BC /* Release */ = {
			isa = XCBuildConfiguration;
			buildSettings = {
				ALWAYS_SEARCH_USER_PATHS = NO;
				CLANG_ANALYZER_NONNULL = YES;
				CLANG_ANALYZER_NUMBER_OBJECT_CONVERSION = YES_AGGRESSIVE;
				CLANG_CXX_LANGUAGE_STANDARD = "gnu++14";
				CLANG_CXX_LIBRARY = "libc++";
				CLANG_ENABLE_MODULES = YES;
				CLANG_ENABLE_OBJC_ARC = YES;
				CLANG_ENABLE_OBJC_WEAK = YES;
				CLANG_WARN_BLOCK_CAPTURE_AUTORELEASING = YES;
				CLANG_WARN_BOOL_CONVERSION = YES;
				CLANG_WARN_COMMA = YES;
				CLANG_WARN_CONSTANT_CONVERSION = YES;
				CLANG_WARN_DEPRECATED_OBJC_IMPLEMENTATIONS = YES;
				CLANG_WARN_DIRECT_OBJC_ISA_USAGE = YES_ERROR;
				CLANG_WARN_DOCUMENTATION_COMMENTS = YES;
				CLANG_WARN_EMPTY_BODY = YES;
				CLANG_WARN_ENUM_CONVERSION = YES;
				CLANG_WARN_INFINITE_RECURSION = YES;
				CLANG_WARN_INT_CONVERSION = YES;
				CLANG_WARN_NON_LITERAL_NULL_CONVERSION = YES;
				CLANG_WARN_OBJC_IMPLICIT_RETAIN_SELF = YES;
				CLANG_WARN_OBJC_LITERAL_CONVERSION = YES;
				CLANG_WARN_OBJC_ROOT_CLASS = YES_ERROR;
				CLANG_WARN_RANGE_LOOP_ANALYSIS = YES;
				CLANG_WARN_STRICT_PROTOTYPES = YES;
				CLANG_WARN_SUSPICIOUS_MOVE = YES;
				CLANG_WARN_UNGUARDED_AVAILABILITY = YES_AGGRESSIVE;
				CLANG_WARN_UNREACHABLE_CODE = YES;
				CLANG_WARN__DUPLICATE_METHOD_MATCH = YES;
				COPY_PHASE_STRIP = NO;
				DEBUG_INFORMATION_FORMAT = "dwarf-with-dsym";
				ENABLE_NS_ASSERTIONS = NO;
				ENABLE_STRICT_OBJC_MSGSEND = YES;
				GCC_C_LANGUAGE_STANDARD = gnu11;
				GCC_NO_COMMON_BLOCKS = YES;
				GCC_WARN_64_TO_32_BIT_CONVERSION = YES;
				GCC_WARN_ABOUT_RETURN_TYPE = YES_ERROR;
				GCC_WARN_UNDECLARED_SELECTOR = YES;
				GCC_WARN_UNINITIALIZED_AUTOS = YES_AGGRESSIVE;
				GCC_WARN_UNUSED_FUNCTION = YES;
				GCC_WARN_UNUSED_VARIABLE = YES;
				IPHONEOS_DEPLOYMENT_TARGET = 13.2;
				MTL_ENABLE_DEBUG_INFO = NO;
				MTL_FAST_MATH = YES;
				SDKROOT = iphoneos;
				SWIFT_COMPILATION_MODE = wholemodule;
				SWIFT_OPTIMIZATION_LEVEL = "-O";
				VALIDATE_PRODUCT = YES;
			};
			name = Release;
		};
		1843D13524C02850004C69BC /* Debug */ = {
			isa = XCBuildConfiguration;
			baseConfigurationReference = A1770B13754AAD802C5C9B3A /* Pods-Test.debug.xcconfig */;
			buildSettings = {
				ASSETCATALOG_COMPILER_APPICON_NAME = AppIcon;
				CODE_SIGN_STYLE = Automatic;
				INFOPLIST_FILE = Test/Info.plist;
				LD_RUNPATH_SEARCH_PATHS = (
					"$(inherited)",
					"@executable_path/Frameworks",
				);
				PRODUCT_BUNDLE_IDENTIFIER = com.dj.LeaderBoard;
				PRODUCT_NAME = LeaderBoard;
				SWIFT_VERSION = 5.0;
				TARGETED_DEVICE_FAMILY = "1,2";
			};
			name = Debug;
		};
		1843D13624C02850004C69BC /* Release */ = {
			isa = XCBuildConfiguration;
			baseConfigurationReference = 59A9C425D1FF390EDDDCDF51 /* Pods-Test.release.xcconfig */;
			buildSettings = {
				ASSETCATALOG_COMPILER_APPICON_NAME = AppIcon;
				CODE_SIGN_STYLE = Automatic;
				INFOPLIST_FILE = Test/Info.plist;
				LD_RUNPATH_SEARCH_PATHS = (
					"$(inherited)",
					"@executable_path/Frameworks",
				);
				PRODUCT_BUNDLE_IDENTIFIER = com.dj.LeaderBoard;
				PRODUCT_NAME = LeaderBoard;
				SWIFT_VERSION = 5.0;
				TARGETED_DEVICE_FAMILY = "1,2";
			};
			name = Release;
		};
/* End XCBuildConfiguration section */

/* Begin XCConfigurationList section */
		1843D11B24C0284C004C69BC /* Build configuration list for PBXProject "Test" */ = {
			isa = XCConfigurationList;
			buildConfigurations = (
				1843D13224C02850004C69BC /* Debug */,
				1843D13324C02850004C69BC /* Release */,
			);
			defaultConfigurationIsVisible = 0;
			defaultConfigurationName = Release;
		};
		1843D13424C02850004C69BC /* Build configuration list for PBXNativeTarget "Test" */ = {
			isa = XCConfigurationList;
			buildConfigurations = (
				1843D13524C02850004C69BC /* Debug */,
				1843D13624C02850004C69BC /* Release */,
			);
			defaultConfigurationIsVisible = 0;
			defaultConfigurationName = Release;
		};
/* End XCConfigurationList section */
	};
	rootObject = 1843D11824C0284C004C69BC /* Project object */;
}
